
Microsoft Visual Studio Solution File, Format Version 12.00
# Visual Studio Version 17
VisualStudioVersion = 17.10.34928.147
MinimumVisualStudioVersion = 10.0.40219.1
Project("{FAE04EC0-301F-11D3-BF4B-00C04F79EFBC}") = "Interface_3", "Interface_3.csproj", "{1B78EE8F-A0F9-40ED-A8D5-E093774223FD}"
EndProject
Global
	GlobalSection(SolutionConfigurationPlatforms) = preSolution
		Debug|Any CPU = Debug|Any CPU
		Release|Any CPU = Release|Any CPU
	EndGlobalSection
	GlobalSection(ProjectConfigurationPlatforms) = postSolution
		{1B78EE8F-A0F9-40ED-A8D5-E093774223FD}.Debug|Any CPU.ActiveCfg = Debug|Any CPU
		{1B78EE8F-A0F9-40ED-A8D5-E093774223FD}.Debug|Any CPU.Build.0 = Debug|Any CPU
		{1B78EE8F-A0F9-40ED-A8D5-E093774223FD}.Release|Any CPU.ActiveCfg = Release|Any CPU
		{1B78EE8F-A0F9-40ED-A8D5-E093774223FD}.Release|Any CPU.Build.0 = Release|Any CPU
	EndGlobalSection
	GlobalSection(SolutionProperties) = preSolution
		HideSolutionNode = FALSE
	EndGlobalSection
	GlobalSection(ExtensibilityGlobals) = postSolution
		SolutionGuid = {F92CAAB8-1BD2-4906-B913-5D4214E8A0AE}
	EndGlobalSection
EndGlobal
